{
  "originHash" : "a9b5736b51764d05c5be28be21b2c21bae77322f198805878004d2fbb4c65821",
  "pins" : [
    {
      "identity" : "popups",
      "kind" : "remoteSourceControl",
      "location" : "https://github.com/Mijick/Popups.git",
      "state" : {
        "revision" : "62457a91042e8ef68615fd8d2d27eb8240d2cd5b",
        "version" : "4.0.1"
      }
    },
    {
      "identity" : "realm-cocoa",
      "kind" : "remoteSourceControl",
      "location" : "https://github.com/realm/realm-cocoa.git",
      "state" : {
        "branch" : "master",
        "revision" : "8cb364a6a63695df296f05b53f7c3f3b1dda6af3"
      }
    },
    {
      "identity" : "realm-core",
      "kind" : "remoteSourceControl",
      "location" : "https://github.com/realm/realm-core.git",
      "state" : {
        "revision" : "cccb3ca9e26ec452a29f2f0d4050d1e38b8a3d43",
        "version" : "14.14.0"
      }
    }
  ],
  "version" : 3
}
